
Microsoft Visual Studio Solution File, Format Version 12.00
# Visual Studio Version 17
VisualStudioVersion = 17.12.35707.178 d17.12
MinimumVisualStudioVersion = 10.0.40219.1
Project("{FAE04EC0-301F-11D3-BF4B-00C04F79EFBC}") = "SimpleCSharpApp", "SimpleCSharpApp\SimpleCSharpApp.csproj", "{3B64F873-3BBC-4C30-81D9-51C6AA82874A}"
EndProject
Project("{FAE04EC0-301F-11D3-BF4B-00C04F79EFBC}") = "BasicConsoleIO", "BasicConsoleIO\BasicConsoleIO.csproj", "{E8C7A31E-017F-4E47-847F-B02C9E66BBDE}"
EndProject
Project("{FAE04EC0-301F-11D3-BF4B-00C04F79EFBC}") = "BasicDataTypes", "BasicDataTypes\BasicDataTypes.csproj", "{32994292-1DF6-4BC7-9C9E-334273B0316B}"
EndProject
Project("{FAE04EC0-301F-11D3-BF4B-00C04F79EFBC}") = "FunWithStrings", "FunWithStrings\FunWithStrings.csproj", "{6A8D4865-1DAE-47CE-B8BB-415B7FD720A1}"
EndProject
Project("{FAE04EC0-301F-11D3-BF4B-00C04F79EFBC}") = "FunWithArrays", "FunWithArrays\FunWithArrays.csproj", "{9E397329-7701-4C1B-8CEF-D7C804463AAD}"
EndProject
Project("{FAE04EC0-301F-11D3-BF4B-00C04F79EFBC}") = "FunWithLocalFunctions", "FunWithLocalFunctions\FunWithLocalFunctions.csproj", "{AC20D94F-CEBC-4879-A8EE-29D7B4C936B8}"
EndProject
Project("{FAE04EC0-301F-11D3-BF4B-00C04F79EFBC}") = "FunWithMethods", "FunWithMethods\FunWithMethods.csproj", "{233E4AEA-63F2-4073-ADF0-BCB424EFBB16}"
EndProject
Project("{FAE04EC0-301F-11D3-BF4B-00C04F79EFBC}") = "FunWithEnums", "FunWithEnums\FunWithEnums.csproj", "{E81547B9-BE6E-4A72-AF69-81E1EE5F5D79}"
EndProject
Project("{FAE04EC0-301F-11D3-BF4B-00C04F79EFBC}") = "SimpleClassExample", "SimpleClassExample\SimpleClassExample.csproj", "{041DDEE5-0180-4A8D-AD55-D832FD322C44}"
EndProject
Project("{FAE04EC0-301F-11D3-BF4B-00C04F79EFBC}") = "StaticDataAndMembers", "StaticDataAndMembers\StaticDataAndMembers.csproj", "{EF46EC26-A4CB-46B6-A007-96A0DAB14FB9}"
EndProject
Project("{FAE04EC0-301F-11D3-BF4B-00C04F79EFBC}") = "OopExamples", "OopExamples\OopExamples.csproj", "{7B3B0415-6F2F-41AB-AA46-5B8DDEF934C6}"
EndProject
Project("{FAE04EC0-301F-11D3-BF4B-00C04F79EFBC}") = "EmployeeApp", "EmployeeApp\EmployeeApp.csproj", "{7D537AE1-7000-4827-B45D-91911D529075}"
EndProject
Project("{FAE04EC0-301F-11D3-BF4B-00C04F79EFBC}") = "AutoProps", "AutoProps\AutoProps.csproj", "{872EBD91-550B-4F79-9500-70D96D6F2D3B}"
EndProject
Global
	GlobalSection(SolutionConfigurationPlatforms) = preSolution
		Debug|Any CPU = Debug|Any CPU
		Release|Any CPU = Release|Any CPU
	EndGlobalSection
	GlobalSection(ProjectConfigurationPlatforms) = postSolution
		{3B64F873-3BBC-4C30-81D9-51C6AA82874A}.Debug|Any CPU.ActiveCfg = Debug|Any CPU
		{3B64F873-3BBC-4C30-81D9-51C6AA82874A}.Debug|Any CPU.Build.0 = Debug|Any CPU
		{3B64F873-3BBC-4C30-81D9-51C6AA82874A}.Release|Any CPU.ActiveCfg = Release|Any CPU
		{3B64F873-3BBC-4C30-81D9-51C6AA82874A}.Release|Any CPU.Build.0 = Release|Any CPU
		{E8C7A31E-017F-4E47-847F-B02C9E66BBDE}.Debug|Any CPU.ActiveCfg = Debug|Any CPU
		{E8C7A31E-017F-4E47-847F-B02C9E66BBDE}.Debug|Any CPU.Build.0 = Debug|Any CPU
		{E8C7A31E-017F-4E47-847F-B02C9E66BBDE}.Release|Any CPU.ActiveCfg = Release|Any CPU
		{E8C7A31E-017F-4E47-847F-B02C9E66BBDE}.Release|Any CPU.Build.0 = Release|Any CPU
		{32994292-1DF6-4BC7-9C9E-334273B0316B}.Debug|Any CPU.ActiveCfg = Debug|Any CPU
		{32994292-1DF6-4BC7-9C9E-334273B0316B}.Debug|Any CPU.Build.0 = Debug|Any CPU
		{32994292-1DF6-4BC7-9C9E-334273B0316B}.Release|Any CPU.ActiveCfg = Release|Any CPU
		{32994292-1DF6-4BC7-9C9E-334273B0316B}.Release|Any CPU.Build.0 = Release|Any CPU
		{6A8D4865-1DAE-47CE-B8BB-415B7FD720A1}.Debug|Any CPU.ActiveCfg = Debug|Any CPU
		{6A8D4865-1DAE-47CE-B8BB-415B7FD720A1}.Debug|Any CPU.Build.0 = Debug|Any CPU
		{6A8D4865-1DAE-47CE-B8BB-415B7FD720A1}.Release|Any CPU.ActiveCfg = Release|Any CPU
		{6A8D4865-1DAE-47CE-B8BB-415B7FD720A1}.Release|Any CPU.Build.0 = Release|Any CPU
		{9E397329-7701-4C1B-8CEF-D7C804463AAD}.Debug|Any CPU.ActiveCfg = Debug|Any CPU
		{9E397329-7701-4C1B-8CEF-D7C804463AAD}.Debug|Any CPU.Build.0 = Debug|Any CPU
		{9E397329-7701-4C1B-8CEF-D7C804463AAD}.Release|Any CPU.ActiveCfg = Release|Any CPU
		{9E397329-7701-4C1B-8CEF-D7C804463AAD}.Release|Any CPU.Build.0 = Release|Any CPU
		{AC20D94F-CEBC-4879-A8EE-29D7B4C936B8}.Debug|Any CPU.ActiveCfg = Debug|Any CPU
		{AC20D94F-CEBC-4879-A8EE-29D7B4C936B8}.Debug|Any CPU.Build.0 = Debug|Any CPU
		{AC20D94F-CEBC-4879-A8EE-29D7B4C936B8}.Release|Any CPU.ActiveCfg = Release|Any CPU
		{AC20D94F-CEBC-4879-A8EE-29D7B4C936B8}.Release|Any CPU.Build.0 = Release|Any CPU
		{233E4AEA-63F2-4073-ADF0-BCB424EFBB16}.Debug|Any CPU.ActiveCfg = Debug|Any CPU
		{233E4AEA-63F2-4073-ADF0-BCB424EFBB16}.Debug|Any CPU.Build.0 = Debug|Any CPU
		{233E4AEA-63F2-4073-ADF0-BCB424EFBB16}.Release|Any CPU.ActiveCfg = Release|Any CPU
		{233E4AEA-63F2-4073-ADF0-BCB424EFBB16}.Release|Any CPU.Build.0 = Release|Any CPU
		{E81547B9-BE6E-4A72-AF69-81E1EE5F5D79}.Debug|Any CPU.ActiveCfg = Debug|Any CPU
		{E81547B9-BE6E-4A72-AF69-81E1EE5F5D79}.Debug|Any CPU.Build.0 = Debug|Any CPU
		{E81547B9-BE6E-4A72-AF69-81E1EE5F5D79}.Release|Any CPU.ActiveCfg = Release|Any CPU
		{E81547B9-BE6E-4A72-AF69-81E1EE5F5D79}.Release|Any CPU.Build.0 = Release|Any CPU
		{041DDEE5-0180-4A8D-AD55-D832FD322C44}.Debug|Any CPU.ActiveCfg = Debug|Any CPU
		{041DDEE5-0180-4A8D-AD55-D832FD322C44}.Debug|Any CPU.Build.0 = Debug|Any CPU
		{041DDEE5-0180-4A8D-AD55-D832FD322C44}.Release|Any CPU.ActiveCfg = Release|Any CPU
		{041DDEE5-0180-4A8D-AD55-D832FD322C44}.Release|Any CPU.Build.0 = Release|Any CPU
		{EF46EC26-A4CB-46B6-A007-96A0DAB14FB9}.Debug|Any CPU.ActiveCfg = Debug|Any CPU
		{EF46EC26-A4CB-46B6-A007-96A0DAB14FB9}.Debug|Any CPU.Build.0 = Debug|Any CPU
		{EF46EC26-A4CB-46B6-A007-96A0DAB14FB9}.Release|Any CPU.ActiveCfg = Release|Any CPU
		{EF46EC26-A4CB-46B6-A007-96A0DAB14FB9}.Release|Any CPU.Build.0 = Release|Any CPU
		{7B3B0415-6F2F-41AB-AA46-5B8DDEF934C6}.Debug|Any CPU.ActiveCfg = Debug|Any CPU
		{7B3B0415-6F2F-41AB-AA46-5B8DDEF934C6}.Debug|Any CPU.Build.0 = Debug|Any CPU
		{7B3B0415-6F2F-41AB-AA46-5B8DDEF934C6}.Release|Any CPU.ActiveCfg = Release|Any CPU
		{7B3B0415-6F2F-41AB-AA46-5B8DDEF934C6}.Release|Any CPU.Build.0 = Release|Any CPU
		{7D537AE1-7000-4827-B45D-91911D529075}.Debug|Any CPU.ActiveCfg = Debug|Any CPU
		{7D537AE1-7000-4827-B45D-91911D529075}.Debug|Any CPU.Build.0 = Debug|Any CPU
		{7D537AE1-7000-4827-B45D-91911D529075}.Release|Any CPU.ActiveCfg = Release|Any CPU
		{7D537AE1-7000-4827-B45D-91911D529075}.Release|Any CPU.Build.0 = Release|Any CPU
		{872EBD91-550B-4F79-9500-70D96D6F2D3B}.Debug|Any CPU.ActiveCfg = Debug|Any CPU
		{872EBD91-550B-4F79-9500-70D96D6F2D3B}.Debug|Any CPU.Build.0 = Debug|Any CPU
		{872EBD91-550B-4F79-9500-70D96D6F2D3B}.Release|Any CPU.ActiveCfg = Release|Any CPU
		{872EBD91-550B-4F79-9500-70D96D6F2D3B}.Release|Any CPU.Build.0 = Release|Any CPU
	EndGlobalSection
	GlobalSection(SolutionProperties) = preSolution
		HideSolutionNode = FALSE
	EndGlobalSection
EndGlobal
